
Microsoft Visual Studio Solution File, Format Version 12.00
# Visual Studio Version 17
VisualStudioVersion = 17.14.36623.8 d17.14
MinimumVisualStudioVersion = 10.0.40219.1
Project("{FAE04EC0-301F-11D3-BF4B-00C04F79EFBC}") = "NullOperations", "NullOperations\NullOperations.csproj", "{0FD8B184-C822-4C36-9620-3398828C9BFD}"
EndProject
Global
	GlobalSection(SolutionConfigurationPlatforms) = preSolution
		Debug|Any CPU = Debug|Any CPU
		Release|Any CPU = Release|Any CPU
	EndGlobalSection
	GlobalSection(ProjectConfigurationPlatforms) = postSolution
		{0FD8B184-C822-4C36-9620-3398828C9BFD}.Debug|Any CPU.ActiveCfg = Debug|Any CPU
		{0FD8B184-C822-4C36-9620-3398828C9BFD}.Debug|Any CPU.Build.0 = Debug|Any CPU
		{0FD8B184-C822-4C36-9620-3398828C9BFD}.Release|Any CPU.ActiveCfg = Release|Any CPU
		{0FD8B184-C822-4C36-9620-3398828C9BFD}.Release|Any CPU.Build.0 = Release|Any CPU
	EndGlobalSection
	GlobalSection(SolutionProperties) = preSolution
		HideSolutionNode = FALSE
	EndGlobalSection
	GlobalSection(ExtensibilityGlobals) = postSolution
		SolutionGuid = {AAFC8DA2-8DC9-4F3D-9761-B4C1353DC418}
	EndGlobalSection
EndGlobal
